
Microsoft Visual Studio Solution File, Format Version 12.00
# Visual Studio Version 17
VisualStudioVersion = 17.6.33712.159
MinimumVisualStudioVersion = 10.0.40219.1
Project("{8BC9CEB8-8B4A-11D0-8D11-00A0C91BC942}") = "Novice1", "Novice1.vcxproj", "{1E02A942-7008-494C-BB3D-2DC242973F01}"
EndProject
Global
	GlobalSection(SolutionConfigurationPlatforms) = preSolution
		Debug|x64 = Debug|x64
		Release|x64 = Release|x64
	EndGlobalSection
	GlobalSection(ProjectConfigurationPlatforms) = postSolution
		{1E02A942-7008-494C-BB3D-2DC242973F01}.Debug|x64.ActiveCfg = Debug|x64
		{1E02A942-7008-494C-BB3D-2DC242973F01}.Debug|x64.Build.0 = Debug|x64
		{1E02A942-7008-494C-BB3D-2DC242973F01}.Release|x64.ActiveCfg = Release|x64
		{1E02A942-7008-494C-BB3D-2DC242973F01}.Release|x64.Build.0 = Release|x64
	EndGlobalSection
	GlobalSection(SolutionProperties) = preSolution
		HideSolutionNode = FALSE
	EndGlobalSection
	GlobalSection(ExtensibilityGlobals) = postSolution
		SolutionGuid = {18577015-0919-4282-A194-804636432F7F}
	EndGlobalSection
EndGlobal
